// !$*UTF8*$!
{
	archiveVersion = 1;
	classes = {
	};
	objectVersion = 50;
	objects = {

/* Begin PBXBuildFile section */
		343D367D20F6AECB009D4125 /* iCloudHandler.swift in Sources */ = {isa = PBXBuildFile; fileRef = 343D367C20F6AECB009D4125 /* iCloudHandler.swift */; };
		343D369120F80705009D4125 /* icon@32.png in Resources */ = {isa = PBXBuildFile; fileRef = 343D368B20F80703009D4125 /* icon@32.png */; };
		343D369320F80705009D4125 /* icon@64.png in Resources */ = {isa = PBXBuildFile; fileRef = 343D368D20F80704009D4125 /* icon@64.png */; };
		343D369420F80705009D4125 /* main_icon.png in Resources */ = {isa = PBXBuildFile; fileRef = 343D368E20F80704009D4125 /* main_icon.png */; };
		343D369520F80705009D4125 /* Retina@256.png in Resources */ = {isa = PBXBuildFile; fileRef = 343D368F20F80705009D4125 /* Retina@256.png */; };
		343D369620F80705009D4125 /* Retina@512.png in Resources */ = {isa = PBXBuildFile; fileRef = 343D369020F80705009D4125 /* Retina@512.png */; };
		343D369820F80766009D4125 /* Retina@128.png in Resources */ = {isa = PBXBuildFile; fileRef = 343D369720F80766009D4125 /* Retina@128.png */; };
		34E6D13F20F6AAF600829EA2 /* AppDelegate.swift in Sources */ = {isa = PBXBuildFile; fileRef = 34E6D13E20F6AAF600829EA2 /* AppDelegate.swift */; };
		34E6D14120F6AAF600829EA2 /* ViewController.swift in Sources */ = {isa = PBXBuildFile; fileRef = 34E6D14020F6AAF600829EA2 /* ViewController.swift */; };
		34E6D14320F6AAF800829EA2 /* Assets.xcassets in Resources */ = {isa = PBXBuildFile; fileRef = 34E6D14220F6AAF800829EA2 /* Assets.xcassets */; };
		34E6D14F20F6AB8000829EA2 /* Main.storyboard in Resources */ = {isa = PBXBuildFile; fileRef = 34E6D14E20F6AB8000829EA2 /* Main.storyboard */; };
/* End PBXBuildFile section */

/* Begin PBXFileReference section */
		343D367C20F6AECB009D4125 /* iCloudHandler.swift */ = {isa = PBXFileReference; lastKnownFileType = sourcecode.swift; path = iCloudHandler.swift; sourceTree = "<group>"; };
		343D368B20F80703009D4125 /* icon@32.png */ = {isa = PBXFileReference; lastKnownFileType = image.png; path = "icon@32.png"; sourceTree = "<group>"; };
		343D368D20F80704009D4125 /* icon@64.png */ = {isa = PBXFileReference; lastKnownFileType = image.png; path = "icon@64.png"; sourceTree = "<group>"; };
		343D368E20F80704009D4125 /* main_icon.png */ = {isa = PBXFileReference; lastKnownFileType = image.png; path = main_icon.png; sourceTree = "<group>"; };
		343D368F20F80705009D4125 /* Retina@256.png */ = {isa = PBXFileReference; lastKnownFileType = image.png; path = "Retina@256.png"; sourceTree = "<group>"; };
		343D369020F80705009D4125 /* Retina@512.png */ = {isa = PBXFileReference; lastKnownFileType = image.png; path = "Retina@512.png"; sourceTree = "<group>"; };
		343D369720F80766009D4125 /* Retina@128.png */ = {isa = PBXFileReference; lastKnownFileType = image.png; path = "Retina@128.png"; sourceTree = "<group>"; };
		34E6D13B20F6AAF600829EA2 /* Raffle-macOS.app */ = {isa = PBXFileReference; explicitFileType = wrapper.application; includeInIndex = 0; path = "Raffle-macOS.app"; sourceTree = BUILT_PRODUCTS_DIR; };
		34E6D13E20F6AAF600829EA2 /* AppDelegate.swift */ = {isa = PBXFileReference; lastKnownFileType = sourcecode.swift; path = AppDelegate.swift; sourceTree = "<group>"; };
		34E6D14020F6AAF600829EA2 /* ViewController.swift */ = {isa = PBXFileReference; lastKnownFileType = sourcecode.swift; path = ViewController.swift; sourceTree = "<group>"; };
		34E6D14220F6AAF800829EA2 /* Assets.xcassets */ = {isa = PBXFileReference; lastKnownFileType = folder.assetcatalog; path = Assets.xcassets; sourceTree = "<group>"; };
		34E6D14720F6AAF800829EA2 /* Info.plist */ = {isa = PBXFileReference; lastKnownFileType = text.plist.xml; path = Info.plist; sourceTree = "<group>"; };
		34E6D14820F6AAF800829EA2 /* Raffle_macOS.entitlements */ = {isa = PBXFileReference; lastKnownFileType = text.plist.entitlements; path = Raffle_macOS.entitlements; sourceTree = "<group>"; };
		34E6D14E20F6AB8000829EA2 /* Main.storyboard */ = {isa = PBXFileReference; fileEncoding = 4; lastKnownFileType = file.storyboard; path = Main.storyboard; sourceTree = "<group>"; };
/* End PBXFileReference section */

/* Begin PBXFrameworksBuildPhase section */
		34E6D13820F6AAF600829EA2 /* Frameworks */ = {
			isa = PBXFrameworksBuildPhase;
			buildActionMask = 2147483647;
			files = (
			);
			runOnlyForDeploymentPostprocessing = 0;
		};
/* End PBXFrameworksBuildPhase section */

/* Begin PBXGroup section */
		343D367920F6AE39009D4125 /* Views and Controllers */ = {
			isa = PBXGroup;
			children = (
				34E6D14E20F6AB8000829EA2 /* Main.storyboard */,
				34E6D14020F6AAF600829EA2 /* ViewController.swift */,
			);
			path = "Views and Controllers";
			sourceTree = "<group>";
		};
		343D367A20F6AEA1009D4125 /* Other */ = {
			isa = PBXGroup;
			children = (
				34E6D14220F6AAF800829EA2 /* Assets.xcassets */,
				34E6D13E20F6AAF600829EA2 /* AppDelegate.swift */,
			);
			path = Other;
			sourceTree = "<group>";
		};
		343D367B20F6AEB1009D4125 /* Handlers */ = {
			isa = PBXGroup;
			children = (
				343D367C20F6AECB009D4125 /* iCloudHandler.swift */,
			);
			path = Handlers;
			sourceTree = "<group>";
		};
		343D367E20F8066A009D4125 /* Icons */ = {
			isa = PBXGroup;
			children = (
				343D368B20F80703009D4125 /* icon@32.png */,
				343D368D20F80704009D4125 /* icon@64.png */,
				343D368E20F80704009D4125 /* main_icon.png */,
				343D369720F80766009D4125 /* Retina@128.png */,
				343D368F20F80705009D4125 /* Retina@256.png */,
				343D369020F80705009D4125 /* Retina@512.png */,
			);
			path = Icons;
			sourceTree = "<group>";
		};
		34E6D13220F6AAF600829EA2 = {
			isa = PBXGroup;
			children = (
				34E6D13D20F6AAF600829EA2 /* Raffle-macOS */,
				34E6D13C20F6AAF600829EA2 /* Products */,
			);
			sourceTree = "<group>";
		};
		34E6D13C20F6AAF600829EA2 /* Products */ = {
			isa = PBXGroup;
			children = (
				34E6D13B20F6AAF600829EA2 /* Raffle-macOS.app */,
			);
			name = Products;
			sourceTree = "<group>";
		};
		34E6D13D20F6AAF600829EA2 /* Raffle-macOS */ = {
			isa = PBXGroup;
			children = (
				343D367E20F8066A009D4125 /* Icons */,
				343D367B20F6AEB1009D4125 /* Handlers */,
				343D367A20F6AEA1009D4125 /* Other */,
				343D367920F6AE39009D4125 /* Views and Controllers */,
				34E6D14720F6AAF800829EA2 /* Info.plist */,
				34E6D14820F6AAF800829EA2 /* Raffle_macOS.entitlements */,
			);
			path = "Raffle-macOS";
			sourceTree = "<group>";
		};
/* End PBXGroup section */

/* Begin PBXNativeTarget section */
		34E6D13A20F6AAF600829EA2 /* Raffle-macOS */ = {
			isa = PBXNativeTarget;
			buildConfigurationList = 34E6D14B20F6AAF800829EA2 /* Build configuration list for PBXNativeTarget "Raffle-macOS" */;
			buildPhases = (
				34E6D13720F6AAF600829EA2 /* Sources */,
				34E6D13820F6AAF600829EA2 /* Frameworks */,
				34E6D13920F6AAF600829EA2 /* Resources */,
			);
			buildRules = (
			);
			dependencies = (
			);
			name = "Raffle-macOS";
			productName = "Raffle-macOS";
			productReference = 34E6D13B20F6AAF600829EA2 /* Raffle-macOS.app */;
			productType = "com.apple.product-type.application";
		};
/* End PBXNativeTarget section */

/* Begin PBXProject section */
		34E6D13320F6AAF600829EA2 /* Project object */ = {
			isa = PBXProject;
			attributes = {
				LastSwiftUpdateCheck = 1000;
				LastUpgradeCheck = 1000;
				ORGANIZATIONNAME = "Matthew Jagiela";
				TargetAttributes = {
					34E6D13A20F6AAF600829EA2 = {
						CreatedOnToolsVersion = 10.0;
						SystemCapabilities = {
							com.apple.iCloud = {
								enabled = 1;
							};
						};
					};
				};
			};
			buildConfigurationList = 34E6D13620F6AAF600829EA2 /* Build configuration list for PBXProject "Raffle-macOS" */;
			compatibilityVersion = "Xcode 9.3";
			developmentRegion = en;
			hasScannedForEncodings = 0;
			knownRegions = (
				en,
				Base,
			);
			mainGroup = 34E6D13220F6AAF600829EA2;
			productRefGroup = 34E6D13C20F6AAF600829EA2 /* Products */;
			projectDirPath = "";
			projectRoot = "";
			targets = (
				34E6D13A20F6AAF600829EA2 /* Raffle-macOS */,
			);
		};
/* End PBXProject section */

/* Begin PBXResourcesBuildPhase section */
		34E6D13920F6AAF600829EA2 /* Resources */ = {
			isa = PBXResourcesBuildPhase;
			buildActionMask = 2147483647;
			files = (
				34E6D14320F6AAF800829EA2 /* Assets.xcassets in Resources */,
				343D369520F80705009D4125 /* Retina@256.png in Resources */,
				34E6D14F20F6AB8000829EA2 /* Main.storyboard in Resources */,
				343D369120F80705009D4125 /* icon@32.png in Resources */,
				343D369620F80705009D4125 /* Retina@512.png in Resources */,
				343D369420F80705009D4125 /* main_icon.png in Resources */,
				343D369320F80705009D4125 /* icon@64.png in Resources */,
				343D369820F80766009D4125 /* Retina@128.png in Resources */,
			);
			runOnlyForDeploymentPostprocessing = 0;
		};
/* End PBXResourcesBuildPhase section */

/* Begin PBXSourcesBuildPhase section */
		34E6D13720F6AAF600829EA2 /* Sources */ = {
			isa = PBXSourcesBuildPhase;
			buildActionMask = 2147483647;
			files = (
				343D367D20F6AECB009D4125 /* iCloudHandler.swift in Sources */,
				34E6D14120F6AAF600829EA2 /* ViewController.swift in Sources */,
				34E6D13F20F6AAF600829EA2 /* AppDelegate.swift in Sources */,
			);
			runOnlyForDeploymentPostprocessing = 0;
		};
/* End PBXSourcesBuildPhase section */

/* Begin XCBuildConfiguration section */
		34E6D14920F6AAF800829EA2 /* Debug */ = {
			isa = XCBuildConfiguration;
			buildSettings = {
				ALWAYS_SEARCH_USER_PATHS = NO;
				CLANG_ANALYZER_NONNULL = YES;
				CLANG_ANALYZER_NUMBER_OBJECT_CONVERSION = YES_AGGRESSIVE;
				CLANG_CXX_LANGUAGE_STANDARD = "gnu++14";
				CLANG_CXX_LIBRARY = "libc++";
				CLANG_ENABLE_MODULES = YES;
				CLANG_ENABLE_OBJC_ARC = YES;
				CLANG_ENABLE_OBJC_WEAK = YES;
				CLANG_WARN_BLOCK_CAPTURE_AUTORELEASING = YES;
				CLANG_WARN_BOOL_CONVERSION = YES;
				CLANG_WARN_COMMA = YES;
				CLANG_WARN_CONSTANT_CONVERSION = YES;
				CLANG_WARN_DEPRECATED_OBJC_IMPLEMENTATIONS = YES;
				CLANG_WARN_DIRECT_OBJC_ISA_USAGE = YES_ERROR;
				CLANG_WARN_DOCUMENTATION_COMMENTS = YES;
				CLANG_WARN_EMPTY_BODY = YES;
				CLANG_WARN_ENUM_CONVERSION = YES;
				CLANG_WARN_INFINITE_RECURSION = YES;
				CLANG_WARN_INT_CONVERSION = YES;
				CLANG_WARN_NON_LITERAL_NULL_CONVERSION = YES;
				CLANG_WARN_OBJC_IMPLICIT_RETAIN_SELF = YES;
				CLANG_WARN_OBJC_LITERAL_CONVERSION = YES;
				CLANG_WARN_OBJC_ROOT_CLASS = YES_ERROR;
				CLANG_WARN_RANGE_LOOP_ANALYSIS = YES;
				CLANG_WARN_STRICT_PROTOTYPES = YES;
				CLANG_WARN_SUSPICIOUS_MOVE = YES;
				CLANG_WARN_UNGUARDED_AVAILABILITY = YES_AGGRESSIVE;
				CLANG_WARN_UNREACHABLE_CODE = YES;
				CLANG_WARN__DUPLICATE_METHOD_MATCH = YES;
				CODE_SIGN_IDENTITY = "Mac Developer";
				COPY_PHASE_STRIP = NO;
				DEBUG_INFORMATION_FORMAT = dwarf;
				ENABLE_STRICT_OBJC_MSGSEND = YES;
				ENABLE_TESTABILITY = YES;
				GCC_C_LANGUAGE_STANDARD = gnu11;
				GCC_DYNAMIC_NO_PIC = NO;
				GCC_NO_COMMON_BLOCKS = YES;
				GCC_OPTIMIZATION_LEVEL = 0;
				GCC_PREPROCESSOR_DEFINITIONS = (
					"DEBUG=1",
					"$(inherited)",
				);
				GCC_WARN_64_TO_32_BIT_CONVERSION = YES;
				GCC_WARN_ABOUT_RETURN_TYPE = YES_ERROR;
				GCC_WARN_UNDECLARED_SELECTOR = YES;
				GCC_WARN_UNINITIALIZED_AUTOS = YES_AGGRESSIVE;
				GCC_WARN_UNUSED_FUNCTION = YES;
				GCC_WARN_UNUSED_VARIABLE = YES;
				MACOSX_DEPLOYMENT_TARGET = 10.14;
				MTL_ENABLE_DEBUG_INFO = INCLUDE_SOURCE;
				MTL_FAST_MATH = YES;
				ONLY_ACTIVE_ARCH = YES;
				SDKROOT = macosx;
				SWIFT_ACTIVE_COMPILATION_CONDITIONS = DEBUG;
				SWIFT_OPTIMIZATION_LEVEL = "-Onone";
			};
			name = Debug;
		};
		34E6D14A20F6AAF800829EA2 /* Release */ = {
			isa = XCBuildConfiguration;
			buildSettings = {
				ALWAYS_SEARCH_USER_PATHS = NO;
				CLANG_ANALYZER_NONNULL = YES;
				CLANG_ANALYZER_NUMBER_OBJECT_CONVERSION = YES_AGGRESSIVE;
				CLANG_CXX_LANGUAGE_STANDARD = "gnu++14";
				CLANG_CXX_LIBRARY = "libc++";
				CLANG_ENABLE_MODULES = YES;
				CLANG_ENABLE_OBJC_ARC = YES;
				CLANG_ENABLE_OBJC_WEAK = YES;
				CLANG_WARN_BLOCK_CAPTURE_AUTORELEASING = YES;
				CLANG_WARN_BOOL_CONVERSION = YES;
				CLANG_WARN_COMMA = YES;
				CLANG_WARN_CONSTANT_CONVERSION = YES;
				CLANG_WARN_DEPRECATED_OBJC_IMPLEMENTATIONS = YES;
				CLANG_WARN_DIRECT_OBJC_ISA_USAGE = YES_ERROR;
				CLANG_WARN_DOCUMENTATION_COMMENTS = YES;
				CLANG_WARN_EMPTY_BODY = YES;
				CLANG_WARN_ENUM_CONVERSION = YES;
				CLANG_WARN_INFINITE_RECURSION = YES;
				CLANG_WARN_INT_CONVERSION = YES;
				CLANG_WARN_NON_LITERAL_NULL_CONVERSION = YES;
				CLANG_WARN_OBJC_IMPLICIT_RETAIN_SELF = YES;
				CLANG_WARN_OBJC_LITERAL_CONVERSION = YES;
				CLANG_WARN_OBJC_ROOT_CLASS = YES_ERROR;
				CLANG_WARN_RANGE_LOOP_ANALYSIS = YES;
				CLANG_WARN_STRICT_PROTOTYPES = YES;
				CLANG_WARN_SUSPICIOUS_MOVE = YES;
				CLANG_WARN_UNGUARDED_AVAILABILITY = YES_AGGRESSIVE;
				CLANG_WARN_UNREACHABLE_CODE = YES;
				CLANG_WARN__DUPLICATE_METHOD_MATCH = YES;
				CODE_SIGN_IDENTITY = "Mac Developer";
				COPY_PHASE_STRIP = NO;
				DEBUG_INFORMATION_FORMAT = "dwarf-with-dsym";
				ENABLE_NS_ASSERTIONS = NO;
				ENABLE_STRICT_OBJC_MSGSEND = YES;
				GCC_C_LANGUAGE_STANDARD = gnu11;
				GCC_NO_COMMON_BLOCKS = YES;
				GCC_WARN_64_TO_32_BIT_CONVERSION = YES;
				GCC_WARN_ABOUT_RETURN_TYPE = YES_ERROR;
				GCC_WARN_UNDECLARED_SELECTOR = YES;
				GCC_WARN_UNINITIALIZED_AUTOS = YES_AGGRESSIVE;
				GCC_WARN_UNUSED_FUNCTION = YES;
				GCC_WARN_UNUSED_VARIABLE = YES;
				MACOSX_DEPLOYMENT_TARGET = 10.14;
				MTL_ENABLE_DEBUG_INFO = NO;
				MTL_FAST_MATH = YES;
				SDKROOT = macosx;
				SWIFT_COMPILATION_MODE = wholemodule;
				SWIFT_OPTIMIZATION_LEVEL = "-O";
			};
			name = Release;
		};
		34E6D14C20F6AAF800829EA2 /* Debug */ = {
			isa = XCBuildConfiguration;
			buildSettings = {
				ASSETCATALOG_COMPILER_APPICON_NAME = AppIcon;
				CODE_SIGN_ENTITLEMENTS = "Raffle-macOS/Raffle_macOS.entitlements";
				CODE_SIGN_STYLE = Automatic;
				COMBINE_HIDPI_IMAGES = YES;
				DEVELOPMENT_TEAM = MCRTE5CC2K;
				INFOPLIST_FILE = "Raffle-macOS/Info.plist";
				LD_RUNPATH_SEARCH_PATHS = (
					"$(inherited)",
					"@executable_path/../Frameworks",
				);
				PRODUCT_BUNDLE_IDENTIFIER = "com.uapps.Raffle-macOS";
				PRODUCT_NAME = "$(TARGET_NAME)";
				SWIFT_VERSION = 4.2;
			};
			name = Debug;
		};
		34E6D14D20F6AAF800829EA2 /* Release */ = {
			isa = XCBuildConfiguration;
			buildSettings = {
				ASSETCATALOG_COMPILER_APPICON_NAME = AppIcon;
				CODE_SIGN_ENTITLEMENTS = "Raffle-macOS/Raffle_macOS.entitlements";
				CODE_SIGN_STYLE = Automatic;
				COMBINE_HIDPI_IMAGES = YES;
				DEVELOPMENT_TEAM = MCRTE5CC2K;
				INFOPLIST_FILE = "Raffle-macOS/Info.plist";
				LD_RUNPATH_SEARCH_PATHS = (
					"$(inherited)",
					"@executable_path/../Frameworks",
				);
				PRODUCT_BUNDLE_IDENTIFIER = "com.uapps.Raffle-macOS";
				PRODUCT_NAME = "$(TARGET_NAME)";
				SWIFT_VERSION = 4.2;
			};
			name = Release;
		};
/* End XCBuildConfiguration section */

/* Begin XCConfigurationList section */
		34E6D13620F6AAF600829EA2 /* Build configuration list for PBXProject "Raffle-macOS" */ = {
			isa = XCConfigurationList;
			buildConfigurations = (
				34E6D14920F6AAF800829EA2 /* Debug */,
				34E6D14A20F6AAF800829EA2 /* Release */,
			);
			defaultConfigurationIsVisible = 0;
			defaultConfigurationName = Release;
		};
		34E6D14B20F6AAF800829EA2 /* Build configuration list for PBXNativeTarget "Raffle-macOS" */ = {
			isa = XCConfigurationList;
			buildConfigurations = (
				34E6D14C20F6AAF800829EA2 /* Debug */,
				34E6D14D20F6AAF800829EA2 /* Release */,
			);
			defaultConfigurationIsVisible = 0;
			defaultConfigurationName = Release;
		};
/* End XCConfigurationList section */
	};
	rootObject = 34E6D13320F6AAF600829EA2 /* Project object */;
}
