// !$*UTF8*$!
{
	archiveVersion = 1;
	classes = {
	};
	objectVersion = 50;
	objects = {

/* Begin PBXBuildFile section */
		344033BA20E170C000DBB7F6 /* AppDelegate.swift in Sources */ = {isa = PBXBuildFile; fileRef = 344033B920E170C000DBB7F6 /* AppDelegate.swift */; };
		344033BC20E170C000DBB7F6 /* MasterViewController.swift in Sources */ = {isa = PBXBuildFile; fileRef = 344033BB20E170C000DBB7F6 /* MasterViewController.swift */; };
		344033BE20E170C000DBB7F6 /* DetailViewController.swift in Sources */ = {isa = PBXBuildFile; fileRef = 344033BD20E170C000DBB7F6 /* DetailViewController.swift */; };
		344033C120E170C000DBB7F6 /* Main.storyboard in Resources */ = {isa = PBXBuildFile; fileRef = 344033BF20E170C000DBB7F6 /* Main.storyboard */; };
		344033C320E170C200DBB7F6 /* Assets.xcassets in Resources */ = {isa = PBXBuildFile; fileRef = 344033C220E170C200DBB7F6 /* Assets.xcassets */; };
		344033C620E170C200DBB7F6 /* LaunchScreen.storyboard in Resources */ = {isa = PBXBuildFile; fileRef = 344033C420E170C200DBB7F6 /* LaunchScreen.storyboard */; };
		344033D420E176CB00DBB7F6 /* icon_iPad.png in Resources */ = {isa = PBXBuildFile; fileRef = 344033CE20E176CB00DBB7F6 /* icon_iPad.png */; };
		344033D520E176CB00DBB7F6 /* main_icon.png in Resources */ = {isa = PBXBuildFile; fileRef = 344033CF20E176CB00DBB7F6 /* main_icon.png */; };
		344033D620E176CB00DBB7F6 /* icon_iPad2x.png in Resources */ = {isa = PBXBuildFile; fileRef = 344033D020E176CB00DBB7F6 /* icon_iPad2x.png */; };
		344033D720E176CB00DBB7F6 /* iPhone3x.png in Resources */ = {isa = PBXBuildFile; fileRef = 344033D120E176CB00DBB7F6 /* iPhone3x.png */; };
		344033D820E176CB00DBB7F6 /* iPhone2x.png in Resources */ = {isa = PBXBuildFile; fileRef = 344033D220E176CB00DBB7F6 /* iPhone2x.png */; };
		344033D920E176CB00DBB7F6 /* icon_iPadPro.png in Resources */ = {isa = PBXBuildFile; fileRef = 344033D320E176CB00DBB7F6 /* icon_iPadPro.png */; };
		3456125A20F68F60009D7C15 /* WinnerViewController.swift in Sources */ = {isa = PBXBuildFile; fileRef = 3456125920F68F60009D7C15 /* WinnerViewController.swift */; };
		345FEC4320F447270022A066 /* EntreesHandler.swift in Sources */ = {isa = PBXBuildFile; fileRef = 345FEC4220F447260022A066 /* EntreesHandler.swift */; };
		345FEC4520F455F70022A066 /* PoolArrayHandler.swift in Sources */ = {isa = PBXBuildFile; fileRef = 345FEC4420F455F70022A066 /* PoolArrayHandler.swift */; };
/* End PBXBuildFile section */

/* Begin PBXFileReference section */
		344033B620E170C000DBB7F6 /* Raffle.app */ = {isa = PBXFileReference; explicitFileType = wrapper.application; includeInIndex = 0; path = Raffle.app; sourceTree = BUILT_PRODUCTS_DIR; };
		344033B920E170C000DBB7F6 /* AppDelegate.swift */ = {isa = PBXFileReference; lastKnownFileType = sourcecode.swift; path = AppDelegate.swift; sourceTree = "<group>"; };
		344033BB20E170C000DBB7F6 /* MasterViewController.swift */ = {isa = PBXFileReference; lastKnownFileType = sourcecode.swift; path = MasterViewController.swift; sourceTree = "<group>"; };
		344033BD20E170C000DBB7F6 /* DetailViewController.swift */ = {isa = PBXFileReference; lastKnownFileType = sourcecode.swift; path = DetailViewController.swift; sourceTree = "<group>"; };
		344033C020E170C000DBB7F6 /* Base */ = {isa = PBXFileReference; lastKnownFileType = file.storyboard; name = Base; path = Base.lproj/Main.storyboard; sourceTree = "<group>"; };
		344033C220E170C200DBB7F6 /* Assets.xcassets */ = {isa = PBXFileReference; lastKnownFileType = folder.assetcatalog; path = Assets.xcassets; sourceTree = "<group>"; };
		344033C520E170C200DBB7F6 /* Base */ = {isa = PBXFileReference; lastKnownFileType = file.storyboard; name = Base; path = Base.lproj/LaunchScreen.storyboard; sourceTree = "<group>"; };
		344033C720E170C200DBB7F6 /* Info.plist */ = {isa = PBXFileReference; lastKnownFileType = text.plist.xml; path = Info.plist; sourceTree = "<group>"; };
		344033CE20E176CB00DBB7F6 /* icon_iPad.png */ = {isa = PBXFileReference; lastKnownFileType = image.png; path = icon_iPad.png; sourceTree = "<group>"; };
		344033CF20E176CB00DBB7F6 /* main_icon.png */ = {isa = PBXFileReference; lastKnownFileType = image.png; path = main_icon.png; sourceTree = "<group>"; };
		344033D020E176CB00DBB7F6 /* icon_iPad2x.png */ = {isa = PBXFileReference; lastKnownFileType = image.png; path = icon_iPad2x.png; sourceTree = "<group>"; };
		344033D120E176CB00DBB7F6 /* iPhone3x.png */ = {isa = PBXFileReference; lastKnownFileType = image.png; path = iPhone3x.png; sourceTree = "<group>"; };
		344033D220E176CB00DBB7F6 /* iPhone2x.png */ = {isa = PBXFileReference; lastKnownFileType = image.png; path = iPhone2x.png; sourceTree = "<group>"; };
		344033D320E176CB00DBB7F6 /* icon_iPadPro.png */ = {isa = PBXFileReference; lastKnownFileType = image.png; path = icon_iPadPro.png; sourceTree = "<group>"; };
		3456125820F68AC1009D7C15 /* Raffle.entitlements */ = {isa = PBXFileReference; lastKnownFileType = text.plist.entitlements; path = Raffle.entitlements; sourceTree = "<group>"; };
		3456125920F68F60009D7C15 /* WinnerViewController.swift */ = {isa = PBXFileReference; lastKnownFileType = sourcecode.swift; path = WinnerViewController.swift; sourceTree = "<group>"; };
		345FEC4220F447260022A066 /* EntreesHandler.swift */ = {isa = PBXFileReference; lastKnownFileType = sourcecode.swift; path = EntreesHandler.swift; sourceTree = "<group>"; };
		345FEC4420F455F70022A066 /* PoolArrayHandler.swift */ = {isa = PBXFileReference; lastKnownFileType = sourcecode.swift; path = PoolArrayHandler.swift; sourceTree = "<group>"; };
/* End PBXFileReference section */

/* Begin PBXFrameworksBuildPhase section */
		344033B320E170C000DBB7F6 /* Frameworks */ = {
			isa = PBXFrameworksBuildPhase;
			buildActionMask = 2147483647;
			files = (
			);
			runOnlyForDeploymentPostprocessing = 0;
		};
/* End PBXFrameworksBuildPhase section */

/* Begin PBXGroup section */
		344033AD20E170C000DBB7F6 = {
			isa = PBXGroup;
			children = (
				344033B820E170C000DBB7F6 /* Raffle */,
				344033B720E170C000DBB7F6 /* Products */,
			);
			sourceTree = "<group>";
		};
		344033B720E170C000DBB7F6 /* Products */ = {
			isa = PBXGroup;
			children = (
				344033B620E170C000DBB7F6 /* Raffle.app */,
			);
			name = Products;
			sourceTree = "<group>";
		};
		344033B820E170C000DBB7F6 /* Raffle */ = {
			isa = PBXGroup;
			children = (
				3456125820F68AC1009D7C15 /* Raffle.entitlements */,
				344033DB20E1772D00DBB7F6 /* Handlers */,
				344033DA20E1771E00DBB7F6 /* View Controllers */,
				344033CD20E1721100DBB7F6 /* App Icons */,
				344033B920E170C000DBB7F6 /* AppDelegate.swift */,
				344033BF20E170C000DBB7F6 /* Main.storyboard */,
				344033C220E170C200DBB7F6 /* Assets.xcassets */,
				344033C420E170C200DBB7F6 /* LaunchScreen.storyboard */,
				344033C720E170C200DBB7F6 /* Info.plist */,
			);
			path = Raffle;
			sourceTree = "<group>";
		};
		344033CD20E1721100DBB7F6 /* App Icons */ = {
			isa = PBXGroup;
			children = (
				344033CE20E176CB00DBB7F6 /* icon_iPad.png */,
				344033D020E176CB00DBB7F6 /* icon_iPad2x.png */,
				344033D320E176CB00DBB7F6 /* icon_iPadPro.png */,
				344033D220E176CB00DBB7F6 /* iPhone2x.png */,
				344033D120E176CB00DBB7F6 /* iPhone3x.png */,
				344033CF20E176CB00DBB7F6 /* main_icon.png */,
			);
			path = "App Icons";
			sourceTree = "<group>";
		};
		344033DA20E1771E00DBB7F6 /* View Controllers */ = {
			isa = PBXGroup;
			children = (
				344033BB20E170C000DBB7F6 /* MasterViewController.swift */,
				344033BD20E170C000DBB7F6 /* DetailViewController.swift */,
				3456125920F68F60009D7C15 /* WinnerViewController.swift */,
			);
			path = "View Controllers";
			sourceTree = "<group>";
		};
		344033DB20E1772D00DBB7F6 /* Handlers */ = {
			isa = PBXGroup;
			children = (
				345FEC4220F447260022A066 /* EntreesHandler.swift */,
				345FEC4420F455F70022A066 /* PoolArrayHandler.swift */,
			);
			path = Handlers;
			sourceTree = "<group>";
		};
/* End PBXGroup section */

/* Begin PBXNativeTarget section */
		344033B520E170C000DBB7F6 /* Raffle */ = {
			isa = PBXNativeTarget;
			buildConfigurationList = 344033CA20E170C300DBB7F6 /* Build configuration list for PBXNativeTarget "Raffle" */;
			buildPhases = (
				344033B220E170C000DBB7F6 /* Sources */,
				344033B320E170C000DBB7F6 /* Frameworks */,
				344033B420E170C000DBB7F6 /* Resources */,
			);
			buildRules = (
			);
			dependencies = (
			);
			name = Raffle;
			productName = Raffle;
			productReference = 344033B620E170C000DBB7F6 /* Raffle.app */;
			productType = "com.apple.product-type.application";
		};
/* End PBXNativeTarget section */

/* Begin PBXProject section */
		344033AE20E170C000DBB7F6 /* Project object */ = {
			isa = PBXProject;
			attributes = {
				LastSwiftUpdateCheck = 1000;
				LastUpgradeCheck = 1000;
				ORGANIZATIONNAME = "Matthew Jagiela";
				TargetAttributes = {
					344033B520E170C000DBB7F6 = {
						CreatedOnToolsVersion = 10.0;
						SystemCapabilities = {
							com.apple.iCloud = {
								enabled = 1;
							};
						};
					};
				};
			};
			buildConfigurationList = 344033B120E170C000DBB7F6 /* Build configuration list for PBXProject "Raffle" */;
			compatibilityVersion = "Xcode 9.3";
			developmentRegion = en;
			hasScannedForEncodings = 0;
			knownRegions = (
				en,
				Base,
			);
			mainGroup = 344033AD20E170C000DBB7F6;
			productRefGroup = 344033B720E170C000DBB7F6 /* Products */;
			projectDirPath = "";
			projectRoot = "";
			targets = (
				344033B520E170C000DBB7F6 /* Raffle */,
			);
		};
/* End PBXProject section */

/* Begin PBXResourcesBuildPhase section */
		344033B420E170C000DBB7F6 /* Resources */ = {
			isa = PBXResourcesBuildPhase;
			buildActionMask = 2147483647;
			files = (
				344033D920E176CB00DBB7F6 /* icon_iPadPro.png in Resources */,
				344033C620E170C200DBB7F6 /* LaunchScreen.storyboard in Resources */,
				344033C320E170C200DBB7F6 /* Assets.xcassets in Resources */,
				344033D720E176CB00DBB7F6 /* iPhone3x.png in Resources */,
				344033D620E176CB00DBB7F6 /* icon_iPad2x.png in Resources */,
				344033D820E176CB00DBB7F6 /* iPhone2x.png in Resources */,
				344033D420E176CB00DBB7F6 /* icon_iPad.png in Resources */,
				344033C120E170C000DBB7F6 /* Main.storyboard in Resources */,
				344033D520E176CB00DBB7F6 /* main_icon.png in Resources */,
			);
			runOnlyForDeploymentPostprocessing = 0;
		};
/* End PBXResourcesBuildPhase section */

/* Begin PBXSourcesBuildPhase section */
		344033B220E170C000DBB7F6 /* Sources */ = {
			isa = PBXSourcesBuildPhase;
			buildActionMask = 2147483647;
			files = (
				344033BE20E170C000DBB7F6 /* DetailViewController.swift in Sources */,
				344033BC20E170C000DBB7F6 /* MasterViewController.swift in Sources */,
				345FEC4520F455F70022A066 /* PoolArrayHandler.swift in Sources */,
				344033BA20E170C000DBB7F6 /* AppDelegate.swift in Sources */,
				345FEC4320F447270022A066 /* EntreesHandler.swift in Sources */,
				3456125A20F68F60009D7C15 /* WinnerViewController.swift in Sources */,
			);
			runOnlyForDeploymentPostprocessing = 0;
		};
/* End PBXSourcesBuildPhase section */

/* Begin PBXVariantGroup section */
		344033BF20E170C000DBB7F6 /* Main.storyboard */ = {
			isa = PBXVariantGroup;
			children = (
				344033C020E170C000DBB7F6 /* Base */,
			);
			name = Main.storyboard;
			sourceTree = "<group>";
		};
		344033C420E170C200DBB7F6 /* LaunchScreen.storyboard */ = {
			isa = PBXVariantGroup;
			children = (
				344033C520E170C200DBB7F6 /* Base */,
			);
			name = LaunchScreen.storyboard;
			sourceTree = "<group>";
		};
/* End PBXVariantGroup section */

/* Begin XCBuildConfiguration section */
		344033C820E170C200DBB7F6 /* Debug */ = {
			isa = XCBuildConfiguration;
			buildSettings = {
				ALWAYS_SEARCH_USER_PATHS = NO;
				CLANG_ANALYZER_NONNULL = YES;
				CLANG_ANALYZER_NUMBER_OBJECT_CONVERSION = YES_AGGRESSIVE;
				CLANG_CXX_LANGUAGE_STANDARD = "gnu++14";
				CLANG_CXX_LIBRARY = "libc++";
				CLANG_ENABLE_MODULES = YES;
				CLANG_ENABLE_OBJC_ARC = YES;
				CLANG_ENABLE_OBJC_WEAK = YES;
				CLANG_WARN_BLOCK_CAPTURE_AUTORELEASING = YES;
				CLANG_WARN_BOOL_CONVERSION = YES;
				CLANG_WARN_COMMA = YES;
				CLANG_WARN_CONSTANT_CONVERSION = YES;
				CLANG_WARN_DEPRECATED_OBJC_IMPLEMENTATIONS = YES;
				CLANG_WARN_DIRECT_OBJC_ISA_USAGE = YES_ERROR;
				CLANG_WARN_DOCUMENTATION_COMMENTS = YES;
				CLANG_WARN_EMPTY_BODY = YES;
				CLANG_WARN_ENUM_CONVERSION = YES;
				CLANG_WARN_INFINITE_RECURSION = YES;
				CLANG_WARN_INT_CONVERSION = YES;
				CLANG_WARN_NON_LITERAL_NULL_CONVERSION = YES;
				CLANG_WARN_OBJC_IMPLICIT_RETAIN_SELF = YES;
				CLANG_WARN_OBJC_LITERAL_CONVERSION = YES;
				CLANG_WARN_OBJC_ROOT_CLASS = YES_ERROR;
				CLANG_WARN_RANGE_LOOP_ANALYSIS = YES;
				CLANG_WARN_STRICT_PROTOTYPES = YES;
				CLANG_WARN_SUSPICIOUS_MOVE = YES;
				CLANG_WARN_UNGUARDED_AVAILABILITY = YES_AGGRESSIVE;
				CLANG_WARN_UNREACHABLE_CODE = YES;
				CLANG_WARN__DUPLICATE_METHOD_MATCH = YES;
				CODE_SIGN_IDENTITY = "iPhone Developer";
				COPY_PHASE_STRIP = NO;
				DEBUG_INFORMATION_FORMAT = dwarf;
				ENABLE_STRICT_OBJC_MSGSEND = YES;
				ENABLE_TESTABILITY = YES;
				GCC_C_LANGUAGE_STANDARD = gnu11;
				GCC_DYNAMIC_NO_PIC = NO;
				GCC_NO_COMMON_BLOCKS = YES;
				GCC_OPTIMIZATION_LEVEL = 0;
				GCC_PREPROCESSOR_DEFINITIONS = (
					"DEBUG=1",
					"$(inherited)",
				);
				GCC_WARN_64_TO_32_BIT_CONVERSION = YES;
				GCC_WARN_ABOUT_RETURN_TYPE = YES_ERROR;
				GCC_WARN_UNDECLARED_SELECTOR = YES;
				GCC_WARN_UNINITIALIZED_AUTOS = YES_AGGRESSIVE;
				GCC_WARN_UNUSED_FUNCTION = YES;
				GCC_WARN_UNUSED_VARIABLE = YES;
				IPHONEOS_DEPLOYMENT_TARGET = 12.0;
				MTL_ENABLE_DEBUG_INFO = INCLUDE_SOURCE;
				ONLY_ACTIVE_ARCH = YES;
				SDKROOT = iphoneos;
				SWIFT_ACTIVE_COMPILATION_CONDITIONS = DEBUG;
				SWIFT_OPTIMIZATION_LEVEL = "-Onone";
			};
			name = Debug;
		};
		344033C920E170C200DBB7F6 /* Release */ = {
			isa = XCBuildConfiguration;
			buildSettings = {
				ALWAYS_SEARCH_USER_PATHS = NO;
				CLANG_ANALYZER_NONNULL = YES;
				CLANG_ANALYZER_NUMBER_OBJECT_CONVERSION = YES_AGGRESSIVE;
				CLANG_CXX_LANGUAGE_STANDARD = "gnu++14";
				CLANG_CXX_LIBRARY = "libc++";
				CLANG_ENABLE_MODULES = YES;
				CLANG_ENABLE_OBJC_ARC = YES;
				CLANG_ENABLE_OBJC_WEAK = YES;
				CLANG_WARN_BLOCK_CAPTURE_AUTORELEASING = YES;
				CLANG_WARN_BOOL_CONVERSION = YES;
				CLANG_WARN_COMMA = YES;
				CLANG_WARN_CONSTANT_CONVERSION = YES;
				CLANG_WARN_DEPRECATED_OBJC_IMPLEMENTATIONS = YES;
				CLANG_WARN_DIRECT_OBJC_ISA_USAGE = YES_ERROR;
				CLANG_WARN_DOCUMENTATION_COMMENTS = YES;
				CLANG_WARN_EMPTY_BODY = YES;
				CLANG_WARN_ENUM_CONVERSION = YES;
				CLANG_WARN_INFINITE_RECURSION = YES;
				CLANG_WARN_INT_CONVERSION = YES;
				CLANG_WARN_NON_LITERAL_NULL_CONVERSION = YES;
				CLANG_WARN_OBJC_IMPLICIT_RETAIN_SELF = YES;
				CLANG_WARN_OBJC_LITERAL_CONVERSION = YES;
				CLANG_WARN_OBJC_ROOT_CLASS = YES_ERROR;
				CLANG_WARN_RANGE_LOOP_ANALYSIS = YES;
				CLANG_WARN_STRICT_PROTOTYPES = YES;
				CLANG_WARN_SUSPICIOUS_MOVE = YES;
				CLANG_WARN_UNGUARDED_AVAILABILITY = YES_AGGRESSIVE;
				CLANG_WARN_UNREACHABLE_CODE = YES;
				CLANG_WARN__DUPLICATE_METHOD_MATCH = YES;
				CODE_SIGN_IDENTITY = "iPhone Developer";
				COPY_PHASE_STRIP = NO;
				DEBUG_INFORMATION_FORMAT = "dwarf-with-dsym";
				ENABLE_NS_ASSERTIONS = NO;
				ENABLE_STRICT_OBJC_MSGSEND = YES;
				GCC_C_LANGUAGE_STANDARD = gnu11;
				GCC_NO_COMMON_BLOCKS = YES;
				GCC_WARN_64_TO_32_BIT_CONVERSION = YES;
				GCC_WARN_ABOUT_RETURN_TYPE = YES_ERROR;
				GCC_WARN_UNDECLARED_SELECTOR = YES;
				GCC_WARN_UNINITIALIZED_AUTOS = YES_AGGRESSIVE;
				GCC_WARN_UNUSED_FUNCTION = YES;
				GCC_WARN_UNUSED_VARIABLE = YES;
				IPHONEOS_DEPLOYMENT_TARGET = 12.0;
				MTL_ENABLE_DEBUG_INFO = NO;
				SDKROOT = iphoneos;
				SWIFT_COMPILATION_MODE = wholemodule;
				SWIFT_OPTIMIZATION_LEVEL = "-O";
				VALIDATE_PRODUCT = YES;
			};
			name = Release;
		};
		344033CB20E170C300DBB7F6 /* Debug */ = {
			isa = XCBuildConfiguration;
			buildSettings = {
				ASSETCATALOG_COMPILER_APPICON_NAME = AppIcon;
				CODE_SIGN_ENTITLEMENTS = Raffle/Raffle.entitlements;
				CODE_SIGN_STYLE = Automatic;
				DEVELOPMENT_TEAM = MCRTE5CC2K;
				INFOPLIST_FILE = Raffle/Info.plist;
				IPHONEOS_DEPLOYMENT_TARGET = 9.0;
				LD_RUNPATH_SEARCH_PATHS = (
					"$(inherited)",
					"@executable_path/Frameworks",
				);
				PRODUCT_BUNDLE_IDENTIFIER = com.uApps.Raffle;
				PRODUCT_NAME = "$(TARGET_NAME)";
				SWIFT_VERSION = 4.2;
				TARGETED_DEVICE_FAMILY = 1;
			};
			name = Debug;
		};
		344033CC20E170C300DBB7F6 /* Release */ = {
			isa = XCBuildConfiguration;
			buildSettings = {
				ASSETCATALOG_COMPILER_APPICON_NAME = AppIcon;
				CODE_SIGN_ENTITLEMENTS = Raffle/Raffle.entitlements;
				CODE_SIGN_STYLE = Automatic;
				DEVELOPMENT_TEAM = MCRTE5CC2K;
				INFOPLIST_FILE = Raffle/Info.plist;
				IPHONEOS_DEPLOYMENT_TARGET = 9.0;
				LD_RUNPATH_SEARCH_PATHS = (
					"$(inherited)",
					"@executable_path/Frameworks",
				);
				PRODUCT_BUNDLE_IDENTIFIER = com.uApps.Raffle;
				PRODUCT_NAME = "$(TARGET_NAME)";
				SWIFT_VERSION = 4.2;
				TARGETED_DEVICE_FAMILY = 1;
			};
			name = Release;
		};
/* End XCBuildConfiguration section */

/* Begin XCConfigurationList section */
		344033B120E170C000DBB7F6 /* Build configuration list for PBXProject "Raffle" */ = {
			isa = XCConfigurationList;
			buildConfigurations = (
				344033C820E170C200DBB7F6 /* Debug */,
				344033C920E170C200DBB7F6 /* Release */,
			);
			defaultConfigurationIsVisible = 0;
			defaultConfigurationName = Release;
		};
		344033CA20E170C300DBB7F6 /* Build configuration list for PBXNativeTarget "Raffle" */ = {
			isa = XCConfigurationList;
			buildConfigurations = (
				344033CB20E170C300DBB7F6 /* Debug */,
				344033CC20E170C300DBB7F6 /* Release */,
			);
			defaultConfigurationIsVisible = 0;
			defaultConfigurationName = Release;
		};
/* End XCConfigurationList section */
	};
	rootObject = 344033AE20E170C000DBB7F6 /* Project object */;
}
